
Microsoft Visual Studio Solution File, Format Version 12.00
# Visual Studio Version 16
VisualStudioVersion = 16.0.29613.14
MinimumVisualStudioVersion = 10.0.40219.1
Project("{FAE04EC0-301F-11D3-BF4B-00C04F79EFBC}") = "TestApp", "TestApp\TestApp.csproj", "{4ADBF837-8AFB-41C6-8A09-B0A781F1F0D0}"
EndProject
Project("{9A19103F-16F7-4668-BE54-9A1E7A4F7556}") = "CompactGraphics", "CompactGraphics\CompactGraphics.csproj", "{0EF49345-41C4-4397-A1E1-F3E7F4245423}"
EndProject
Project("{2150E333-8FDC-42A3-9474-1A3956D46DE8}") = "Solution Items", "Solution Items", "{74C854E3-F6A4-46ED-8C04-25FADD6E00B8}"
	ProjectSection(SolutionItems) = preProject
		LICENSE = LICENSE
	EndProjectSection
EndProject
Global
	GlobalSection(SolutionConfigurationPlatforms) = preSolution
		Debug|Any CPU = Debug|Any CPU
		Release|Any CPU = Release|Any CPU
	EndGlobalSection
	GlobalSection(ProjectConfigurationPlatforms) = postSolution
		{4ADBF837-8AFB-41C6-8A09-B0A781F1F0D0}.Debug|Any CPU.ActiveCfg = Debug|Any CPU
		{4ADBF837-8AFB-41C6-8A09-B0A781F1F0D0}.Debug|Any CPU.Build.0 = Debug|Any CPU
		{4ADBF837-8AFB-41C6-8A09-B0A781F1F0D0}.Release|Any CPU.ActiveCfg = Release|Any CPU
		{4ADBF837-8AFB-41C6-8A09-B0A781F1F0D0}.Release|Any CPU.Build.0 = Release|Any CPU
		{0EF49345-41C4-4397-A1E1-F3E7F4245423}.Debug|Any CPU.ActiveCfg = Debug|Any CPU
		{0EF49345-41C4-4397-A1E1-F3E7F4245423}.Debug|Any CPU.Build.0 = Debug|Any CPU
		{0EF49345-41C4-4397-A1E1-F3E7F4245423}.Release|Any CPU.ActiveCfg = Release|Any CPU
		{0EF49345-41C4-4397-A1E1-F3E7F4245423}.Release|Any CPU.Build.0 = Release|Any CPU
	EndGlobalSection
	GlobalSection(SolutionProperties) = preSolution
		HideSolutionNode = FALSE
	EndGlobalSection
	GlobalSection(ExtensibilityGlobals) = postSolution
		SolutionGuid = {085CAC0C-581C-467D-AF6B-2912E93EF99F}
	EndGlobalSection
EndGlobal
